
Microsoft Visual Studio Solution File, Format Version 12.00
# Visual Studio 15
VisualStudioVersion = 15.0.26020.0
MinimumVisualStudioVersion = 10.0.40219.1
Project("{FAE04EC0-301F-11D3-BF4B-00C04F79EFBC}") = "TheBillionApp", "TheBillionApp\TheBillionApp.csproj", "{12637CA2-1AFB-4B52-83F8-63039FF94566}"
EndProject
Project("{2150E333-8FDC-42A3-9474-1A3956D46DE8}") = "Solution Items", "Solution Items", "{76DF84A1-1BD9-456D-ABDA-3D6DFD0B9C4B}"
EndProject
Global
	GlobalSection(SolutionConfigurationPlatforms) = preSolution
		Debug|Any CPU = Debug|Any CPU
		Release|Any CPU = Release|Any CPU
	EndGlobalSection
	GlobalSection(ProjectConfigurationPlatforms) = postSolution
		{12637CA2-1AFB-4B52-83F8-63039FF94566}.Debug|Any CPU.ActiveCfg = Debug|Any CPU
		{12637CA2-1AFB-4B52-83F8-63039FF94566}.Debug|Any CPU.Build.0 = Debug|Any CPU
		{12637CA2-1AFB-4B52-83F8-63039FF94566}.Release|Any CPU.ActiveCfg = Release|Any CPU
		{12637CA2-1AFB-4B52-83F8-63039FF94566}.Release|Any CPU.Build.0 = Release|Any CPU
	EndGlobalSection
	GlobalSection(SolutionProperties) = preSolution
		HideSolutionNode = FALSE
	EndGlobalSection
EndGlobal
